
Microsoft Visual Studio Solution File, Format Version 12.00
# Visual Studio Version 17
VisualStudioVersion = 17.4.33103.184
MinimumVisualStudioVersion = 10.0.40219.1
Project("{FAE04EC0-301F-11D3-BF4B-00C04F79EFBC}") = "Task1", "Task1\Task1.csproj", "{2DBBBCD0-8901-47AF-9ECB-D1EFCCFBEA13}"
EndProject
Global
	GlobalSection(SolutionConfigurationPlatforms) = preSolution
		Debug|Any CPU = Debug|Any CPU
		Release|Any CPU = Release|Any CPU
	EndGlobalSection
	GlobalSection(ProjectConfigurationPlatforms) = postSolution
		{2DBBBCD0-8901-47AF-9ECB-D1EFCCFBEA13}.Debug|Any CPU.ActiveCfg = Debug|Any CPU
		{2DBBBCD0-8901-47AF-9ECB-D1EFCCFBEA13}.Debug|Any CPU.Build.0 = Debug|Any CPU
		{2DBBBCD0-8901-47AF-9ECB-D1EFCCFBEA13}.Release|Any CPU.ActiveCfg = Release|Any CPU
		{2DBBBCD0-8901-47AF-9ECB-D1EFCCFBEA13}.Release|Any CPU.Build.0 = Release|Any CPU
	EndGlobalSection
	GlobalSection(SolutionProperties) = preSolution
		HideSolutionNode = FALSE
	EndGlobalSection
	GlobalSection(ExtensibilityGlobals) = postSolution
		SolutionGuid = {B97EAF3E-50C5-48D2-B53F-A55657A71E6C}
	EndGlobalSection
EndGlobal
